
Microsoft Visual Studio Solution File, Format Version 12.00
# Visual Studio Version 17
VisualStudioVersion = 17.5.33502.453
MinimumVisualStudioVersion = 10.0.40219.1
Project("{FAE04EC0-301F-11D3-BF4B-00C04F79EFBC}") = "SmartMarket.WPF", "SmartMarket.WPF\SmartMarket.WPF.csproj", "{42EC64A8-B18A-4E75-A1A3-1D6C442F82EC}"
EndProject
Global
	GlobalSection(SolutionConfigurationPlatforms) = preSolution
		Debug|Any CPU = Debug|Any CPU
		Release|Any CPU = Release|Any CPU
	EndGlobalSection
	GlobalSection(ProjectConfigurationPlatforms) = postSolution
		{42EC64A8-B18A-4E75-A1A3-1D6C442F82EC}.Debug|Any CPU.ActiveCfg = Debug|Any CPU
		{42EC64A8-B18A-4E75-A1A3-1D6C442F82EC}.Debug|Any CPU.Build.0 = Debug|Any CPU
		{42EC64A8-B18A-4E75-A1A3-1D6C442F82EC}.Release|Any CPU.ActiveCfg = Release|Any CPU
		{42EC64A8-B18A-4E75-A1A3-1D6C442F82EC}.Release|Any CPU.Build.0 = Release|Any CPU
	EndGlobalSection
	GlobalSection(SolutionProperties) = preSolution
		HideSolutionNode = FALSE
	EndGlobalSection
	GlobalSection(ExtensibilityGlobals) = postSolution
		SolutionGuid = {07041515-395D-41FE-8E0F-FE9784AE9670}
	EndGlobalSection
EndGlobal
